
Microsoft Visual Studio Solution File, Format Version 11.00
# Visual C++ Express 2010
Project("{8BC9CEB8-8B4A-11D0-8D11-00A0C91BC942}") = "GLTools Test2", "GLTools Test2.vcxproj", "{3E7843A0-8AF9-4A48-9383-5594AF91E721}"
EndProject
Global
	GlobalSection(SolutionConfigurationPlatforms) = preSolution
		Debug|Win32 = Debug|Win32
		Release|Win32 = Release|Win32
	EndGlobalSection
	GlobalSection(ProjectConfigurationPlatforms) = postSolution
		{3E7843A0-8AF9-4A48-9383-5594AF91E721}.Debug|Win32.ActiveCfg = Debug|Win32
		{3E7843A0-8AF9-4A48-9383-5594AF91E721}.Debug|Win32.Build.0 = Debug|Win32
		{3E7843A0-8AF9-4A48-9383-5594AF91E721}.Release|Win32.ActiveCfg = Release|Win32
		{3E7843A0-8AF9-4A48-9383-5594AF91E721}.Release|Win32.Build.0 = Release|Win32
	EndGlobalSection
	GlobalSection(SolutionProperties) = preSolution
		HideSolutionNode = FALSE
	EndGlobalSection
EndGlobal
